
Microsoft Visual Studio Solution File, Format Version 12.00
# Visual Studio Version 16
VisualStudioVersion = 16.0.31702.278
MinimumVisualStudioVersion = 10.0.40219.1
Project("{FAE04EC0-301F-11D3-BF4B-00C04F79EFBC}") = "Classtask2", "Classtask2\Classtask2.csproj", "{ED3221A4-7B4C-4C0D-9A3B-168654C06B2E}"
EndProject
Global
	GlobalSection(SolutionConfigurationPlatforms) = preSolution
		Debug|Any CPU = Debug|Any CPU
		Release|Any CPU = Release|Any CPU
	EndGlobalSection
	GlobalSection(ProjectConfigurationPlatforms) = postSolution
		{ED3221A4-7B4C-4C0D-9A3B-168654C06B2E}.Debug|Any CPU.ActiveCfg = Debug|Any CPU
		{ED3221A4-7B4C-4C0D-9A3B-168654C06B2E}.Debug|Any CPU.Build.0 = Debug|Any CPU
		{ED3221A4-7B4C-4C0D-9A3B-168654C06B2E}.Release|Any CPU.ActiveCfg = Release|Any CPU
		{ED3221A4-7B4C-4C0D-9A3B-168654C06B2E}.Release|Any CPU.Build.0 = Release|Any CPU
	EndGlobalSection
	GlobalSection(SolutionProperties) = preSolution
		HideSolutionNode = FALSE
	EndGlobalSection
	GlobalSection(ExtensibilityGlobals) = postSolution
		SolutionGuid = {1FCC33BD-BB94-446B-BFAA-0AF0F1C7576B}
	EndGlobalSection
EndGlobal
